{
    "name": "cloud9",
    "version": "2.2.0",
    "lockfileVersion": 1,
    "requires": true,
    "dependencies": {
        "accepts": {
            "version": "1.3.4",
            "resolved": "https://registry.npmjs.org/accepts/-/accepts-1.3.4.tgz",
            "integrity": "sha1-hiRnWMfdbSGmR0/whKR0DsBesh8=",
            "requires": {
                "mime-types": "2.1.18",
                "negotiator": "0.6.1"
            }
        },
        "ace": {
            "version": "https://github.com/ajaxorg/ace/tarball/v1.3.1",
            "integrity": "sha512-/w3fxTBHroyC3ALuutARvWUxW0kCDoTqWhkz8lhqZP6zRMVyQnaCk6GtU0Lrm+CRzwM4kQjxjdY3nPVCMxTjhw=="
        },
        "after": {
            "version": "0.8.2",
            "resolved": "https://registry.npmjs.org/after/-/after-0.8.2.tgz",
            "integrity": "sha1-/ts5T58OAqqXaOcCvaI7UF+ufh8="
        },
        "amd-loader": {
            "version": "0.0.8",
            "resolved": "https://registry.npmjs.org/amd-loader/-/amd-loader-0.0.8.tgz",
            "integrity": "sha1-ECKSgEDlZ+jmpvtYvaBS+BkYkgY="
        },
        "architect": {
            "version": "0.1.13",
            "resolved": "https://registry.npmjs.org/architect/-/architect-0.1.13.tgz",
            "integrity": "sha1-76eHg/2Bi2TkxHsOde6hk1IDkLo="
        },
        "architect-build": {
            "version": "https://github.com/exsilium/architect-build/tarball/299d7cf718c9a66192faf18cf85680b98ee3ac86",
            "integrity": "sha512-p+DFjONRhsu7DYA7Z++xV1kdFiPdsr52j4JZ+LEtF2tMtilvZvinp3/BhcySfH+BFw2c4VTI7ROAXXzVZ1BXZQ==",
            "requires": {
                "async": "2.6.0",
                "mkdirp": "0.5.1",
                "through": "2.3.8",
                "uglify-js": "3.2.1"
            }
        },
        "arraybuffer.slice": {
            "version": "0.0.7",
            "resolved": "https://registry.npmjs.org/arraybuffer.slice/-/arraybuffer.slice-0.0.7.tgz",
            "integrity": "sha512-wGUIVQXuehL5TCqQun8OW81jGzAWycqzFF8lFp+GOM5BXLYj3bKNsYC4daB7n6XjCqxQA/qgTJ+8ANR3acjrog=="
        },
        "async": {
            "version": "2.6.0",
            "resolved": "https://registry.npmjs.org/async/-/async-2.6.0.tgz",
            "integrity": "sha512-xAfGg1/NTLBBKlHFmnd7PlmUW9KhVQIUuSrYem9xzFUZy13ScvtyGGejaae9iAVRiRq9+Cx7DPFaAAhCpyxyPw==",
            "requires": {
                "lodash": "4.17.5"
            }
        },
        "async-limiter": {
            "version": "1.0.0",
            "resolved": "https://registry.npmjs.org/async-limiter/-/async-limiter-1.0.0.tgz",
            "integrity": "sha512-jp/uFnooOiO+L211eZOoSyzpOITMXx1rBITauYykG3BRYPu8h0UcxsPNB04RR5vo4Tyz3+ay17tR6JVf9qzYWg=="
        },
        "asyncjs": {
            "version": "https://github.com/exsilium/async.js/tarball/be2c5b9195312c9c4aa8c3e29932b0b9784bcae7",
            "integrity": "sha512-AI8XmzXyRMNx3rpshLkC+Ye4sQHTXxQDqwRz8HlngcHwi8HRtZ7+m0kwsXp9LLU51cFTEVMhbWs4+MNXXexyvQ=="
        },
        "base64-arraybuffer": {
            "version": "0.1.5",
            "resolved": "https://registry.npmjs.org/base64-arraybuffer/-/base64-arraybuffer-0.1.5.tgz",
            "integrity": "sha1-c5JncZI7Whl0etZmqlzUv5xunOg="
        },
        "base64-js": {
            "version": "0.0.2",
            "resolved": "https://registry.npmjs.org/base64-js/-/base64-js-0.0.2.tgz",
            "integrity": "sha1-Ak8Pcq+iW3X5wO5zzU9V7Bvtl4Q="
        },
        "base64id": {
            "version": "1.0.0",
            "resolved": "https://registry.npmjs.org/base64id/-/base64id-1.0.0.tgz",
            "integrity": "sha1-R2iMuZu2gE8OBtPnY7HDLlfY5rY="
        },
        "better-assert": {
            "version": "1.0.2",
            "resolved": "https://registry.npmjs.org/better-assert/-/better-assert-1.0.2.tgz",
            "integrity": "sha1-QIZrnhueC1W0gYlDEeaPr/rrxSI=",
            "requires": {
                "callsite": "1.0.0"
            }
        },
        "blob": {
            "version": "0.0.4",
            "resolved": "https://registry.npmjs.org/blob/-/blob-0.0.4.tgz",
            "integrity": "sha1-vPEwUspURj8w+fx+lbmkdjCpSSE="
        },
        "body-parser": {
            "version": "1.18.2",
            "resolved": "https://registry.npmjs.org/body-parser/-/body-parser-1.18.2.tgz",
            "integrity": "sha1-h2eKGdhLR9hZuDGZvVm84iKxBFQ=",
            "requires": {
                "bytes": "3.0.0",
                "content-type": "1.0.4",
                "debug": "2.6.9",
                "depd": "1.1.2",
                "http-errors": "1.6.2",
                "iconv-lite": "0.4.19",
                "on-finished": "2.3.0",
                "qs": "6.5.1",
                "raw-body": "2.3.2",
                "type-is": "1.6.16"
            }
        },
        "bops": {
            "version": "0.0.7",
            "resolved": "https://registry.npmjs.org/bops/-/bops-0.0.7.tgz",
            "integrity": "sha1-tKClqDmkBkVK8P4FqLkaenZqVOI=",
            "requires": {
                "base64-js": "0.0.2",
                "to-utf8": "0.0.1"
            }
        },
        "bson": {
            "version": "0.4.23",
            "resolved": "https://registry.npmjs.org/bson/-/bson-0.4.23.tgz",
            "integrity": "sha1-5louPHUH/63kEJvHV1p25Q+NqRU=",
            "optional": true
        },
        "buffer-writer": {
            "version": "1.0.0",
            "resolved": "https://registry.npmjs.org/buffer-writer/-/buffer-writer-1.0.0.tgz",
            "integrity": "sha1-bCnDst6gyeRVofJhoZmkigT4iwg=",
            "optional": true
        },
        "bytes": {
            "version": "3.0.0",
            "resolved": "https://registry.npmjs.org/bytes/-/bytes-3.0.0.tgz",
            "integrity": "sha1-0ygVQE1olpn4Wk6k+odV3ROpYEg="
        },
        "callsite": {
            "version": "1.0.0",
            "resolved": "https://registry.npmjs.org/callsite/-/callsite-1.0.0.tgz",
            "integrity": "sha1-KAOY5dZkvXQDi28JBRU+borxvCA="
        },
        "colors": {
            "version": "1.1.2",
            "resolved": "https://registry.npmjs.org/colors/-/colors-1.1.2.tgz",
            "integrity": "sha1-FopHAXVran9RoSzgyXv6KMCE7WM="
        },
        "commander": {
            "version": "2.12.2",
            "resolved": "https://registry.npmjs.org/commander/-/commander-2.12.2.tgz",
            "integrity": "sha512-BFnaq5ZOGcDN7FlrtBT4xxkgIToalIIxwjxLWVJ8bGTpe1LroqMiqQXdA7ygc7CRvaYS+9zfPGFnJqFSayx+AA==",
            "optional": true
        },
        "component-emitter": {
            "version": "1.2.1",
            "resolved": "https://registry.npmjs.org/component-emitter/-/component-emitter-1.2.1.tgz",
            "integrity": "sha1-E3kY1teCg/ffemt8WmPhQOaUJeY="
        },
        "component-inherit": {
            "version": "0.0.3",
            "resolved": "https://registry.npmjs.org/component-inherit/-/component-inherit-0.0.3.tgz",
            "integrity": "sha1-ZF/ErfWLcrZJ1crmUTVhnbJv8UM="
        },
        "connect": {
            "version": "3.6.6",
            "resolved": "https://registry.npmjs.org/connect/-/connect-3.6.6.tgz",
            "integrity": "sha1-Ce/2xVr3I24TcTWnJXSFi2eG9SQ=",
            "requires": {
                "debug": "2.6.9",
                "finalhandler": "1.1.0",
                "parseurl": "1.3.2",
                "utils-merge": "1.0.1"
            }
        },
        "content-type": {
            "version": "1.0.4",
            "resolved": "https://registry.npmjs.org/content-type/-/content-type-1.0.4.tgz",
            "integrity": "sha512-hIP3EEPs8tB9AT1L+NUqtwOAps4mk2Zob89MWXMHjHWg9milF/j4osnnQLXBCBFBk/tvIG/tUc9mOUJiPBhPXA=="
        },
        "cookie": {
            "version": "0.3.1",
            "resolved": "https://registry.npmjs.org/cookie/-/cookie-0.3.1.tgz",
            "integrity": "sha1-5+Ch+e9DtMi6klxcWpboBtFoc7s="
        },
        "cookie-parser": {
            "version": "1.4.3",
            "resolved": "https://registry.npmjs.org/cookie-parser/-/cookie-parser-1.4.3.tgz",
            "integrity": "sha1-D+MfoZ0AC5X0qt8fU/3CuKIDuqU=",
            "requires": {
                "cookie": "0.3.1",
                "cookie-signature": "1.0.6"
            }
        },
        "cookie-signature": {
            "version": "1.0.6",
            "resolved": "https://registry.npmjs.org/cookie-signature/-/cookie-signature-1.0.6.tgz",
            "integrity": "sha1-4wOogrNCzD7oylE6eZmXNNqzriw="
        },
        "core-util-is": {
            "version": "1.0.2",
            "resolved": "https://registry.npmjs.org/core-util-is/-/core-util-is-1.0.2.tgz",
            "integrity": "sha1-tf1UIgqivFq1eqtxQMlAdUUDwac=",
            "optional": true
        },
        "crc": {
            "version": "3.4.4",
            "resolved": "https://registry.npmjs.org/crc/-/crc-3.4.4.tgz",
            "integrity": "sha1-naHpgOO9RPxck79as9ozeNheRms="
        },
        "csrf": {
            "version": "3.0.6",
            "resolved": "https://registry.npmjs.org/csrf/-/csrf-3.0.6.tgz",
            "integrity": "sha1-thEg3c7q/JHnbtUxO7XAsmZ7cQo=",
            "requires": {
                "rndm": "1.2.0",
                "tsscmp": "1.0.5",
                "uid-safe": "2.1.4"
            }
        },
        "csurf": {
            "version": "1.9.0",
            "resolved": "https://registry.npmjs.org/csurf/-/csurf-1.9.0.tgz",
            "integrity": "sha1-SdLGkl/87Ht95VlZfBU/pTM2QTM=",
            "requires": {
                "cookie": "0.3.1",
                "cookie-signature": "1.0.6",
                "csrf": "3.0.6",
                "http-errors": "1.5.1"
            },
            "dependencies": {
                "http-errors": {
                    "version": "1.5.1",
                    "resolved": "https://registry.npmjs.org/http-errors/-/http-errors-1.5.1.tgz",
                    "integrity": "sha1-eIwNLB3iyBuebowBhDtrl+uSB1A=",
                    "requires": {
                        "inherits": "2.0.3",
                        "setprototypeof": "1.0.2",
                        "statuses": "1.4.0"
                    }
                },
                "setprototypeof": {
                    "version": "1.0.2",
                    "resolved": "https://registry.npmjs.org/setprototypeof/-/setprototypeof-1.0.2.tgz",
                    "integrity": "sha1-gaVSFB7BBLiOic44MQOtXGZWTQg="
                }
            }
        },
        "dbox": {
            "version": "0.6.4",
            "resolved": "https://registry.npmjs.org/dbox/-/dbox-0.6.4.tgz",
            "integrity": "sha1-VWxM/QAvMNSSiTKEGGvJcRtakq0=",
            "optional": true,
            "requires": {
                "request": "2.9.153"
            }
        },
        "debug": {
            "version": "2.6.9",
            "resolved": "https://registry.npmjs.org/debug/-/debug-2.6.9.tgz",
            "integrity": "sha512-bC7ElrdJaJnPbAP+1EotYvqZsb3ecl5wi6Bfi6BJTUcNowp6cvspg0jXznRTKDjm/E7AdgFBVeAPVMNcKGsHMA==",
            "requires": {
                "ms": "2.0.0"
            }
        },
        "depd": {
            "version": "1.1.2",
            "resolved": "https://registry.npmjs.org/depd/-/depd-1.1.2.tgz",
            "integrity": "sha1-m81S4UwJd2PnSbJ0xDRu0uVgtak="
        },
        "destroy": {
            "version": "1.0.4",
            "resolved": "https://registry.npmjs.org/destroy/-/destroy-1.0.4.tgz",
            "integrity": "sha1-l4hXRCxEdJ5CBmE+N5RiBYJqvYA="
        },
        "double-ended-queue": {
            "version": "2.1.0-0",
            "resolved": "https://registry.npmjs.org/double-ended-queue/-/double-ended-queue-2.1.0-0.tgz",
            "integrity": "sha1-ED01J/0xUo9AGIEwyEHv3XgmTlw=",
            "optional": true
        },
        "dryice": {
            "version": "0.4.11",
            "resolved": "https://registry.npmjs.org/dryice/-/dryice-0.4.11.tgz",
            "integrity": "sha1-FQ+x3CqQKG4YcUZ1dvGKhiR8T0k=",
            "requires": {
                "uglify-js": "1.3.5"
            },
            "dependencies": {
                "uglify-js": {
                    "version": "1.3.5",
                    "resolved": "https://registry.npmjs.org/uglify-js/-/uglify-js-1.3.5.tgz",
                    "integrity": "sha1-S1v/+Rhu/7qoiOTJ6UvZ/EyUkp0="
                }
            }
        },
        "ee-first": {
            "version": "1.1.1",
            "resolved": "https://registry.npmjs.org/ee-first/-/ee-first-1.1.1.tgz",
            "integrity": "sha1-WQxhFWsK4vTwJVcyoViyZrxWsh0="
        },
        "encodeurl": {
            "version": "1.0.2",
            "resolved": "https://registry.npmjs.org/encodeurl/-/encodeurl-1.0.2.tgz",
            "integrity": "sha1-rT/0yG7C0CkyL1oCw6mmBslbP1k="
        },
        "engine.io": {
            "version": "3.1.5",
            "resolved": "https://registry.npmjs.org/engine.io/-/engine.io-3.1.5.tgz",
            "integrity": "sha512-D06ivJkYxyRrcEe0bTpNnBQNgP9d3xog+qZlLbui8EsMr/DouQpf5o9FzJnWYHEYE0YsFHllUv2R1dkgYZXHcA==",
            "requires": {
                "accepts": "1.3.4",
                "base64id": "1.0.0",
                "cookie": "0.3.1",
                "debug": "3.1.0",
                "engine.io-parser": "2.1.2",
                "uws": "9.14.0",
                "ws": "3.3.3"
            },
            "dependencies": {
                "debug": {
                    "version": "3.1.0",
                    "resolved": "https://registry.npmjs.org/debug/-/debug-3.1.0.tgz",
                    "integrity": "sha512-OX8XqP7/1a9cqkxYw2yXss15f26NKWBpDXQd0/uK/KPqdQhxbPa994hnzjcE2VqQpDslf55723cKPUOGSmMY3g==",
                    "requires": {
                        "ms": "2.0.0"
                    }
                }
            }
        },
        "engine.io-client": {
            "version": "3.1.5",
            "resolved": "https://registry.npmjs.org/engine.io-client/-/engine.io-client-3.1.5.tgz",
            "integrity": "sha512-Rv9vgb83zrNVhRircUXHi4mtbJhgy2oWtJOCZEbCLFs2HiDSWmh/aOEj8TwoKsn8zXGqTuQuPSoU4v3E10bR6A==",
            "requires": {
                "component-emitter": "1.2.1",
                "component-inherit": "0.0.3",
                "debug": "3.1.0",
                "engine.io-parser": "2.1.2",
                "has-cors": "1.1.0",
                "indexof": "0.0.1",
                "parseqs": "0.0.5",
                "parseuri": "0.0.5",
                "ws": "3.3.3",
                "xmlhttprequest-ssl": "1.5.5",
                "yeast": "0.1.2"
            },
            "dependencies": {
                "debug": {
                    "version": "3.1.0",
                    "resolved": "https://registry.npmjs.org/debug/-/debug-3.1.0.tgz",
                    "integrity": "sha512-OX8XqP7/1a9cqkxYw2yXss15f26NKWBpDXQd0/uK/KPqdQhxbPa994hnzjcE2VqQpDslf55723cKPUOGSmMY3g==",
                    "requires": {
                        "ms": "2.0.0"
                    }
                }
            }
        },
        "engine.io-parser": {
            "version": "2.1.2",
            "resolved": "https://registry.npmjs.org/engine.io-parser/-/engine.io-parser-2.1.2.tgz",
            "integrity": "sha512-dInLFzr80RijZ1rGpx1+56/uFoH7/7InhH3kZt+Ms6hT8tNx3NGW/WNSA/f8As1WkOfkuyb3tnRyuXGxusclMw==",
            "requires": {
                "after": "0.8.2",
                "arraybuffer.slice": "0.0.7",
                "base64-arraybuffer": "0.1.5",
                "blob": "0.0.4",
                "has-binary2": "1.0.2"
            }
        },
        "es6-promise": {
            "version": "3.0.2",
            "resolved": "https://registry.npmjs.org/es6-promise/-/es6-promise-3.0.2.tgz",
            "integrity": "sha1-AQ1YWEI6XxGJeWZfRkhqlcbuK7Y=",
            "optional": true
        },
        "escape-html": {
            "version": "1.0.3",
            "resolved": "https://registry.npmjs.org/escape-html/-/escape-html-1.0.3.tgz",
            "integrity": "sha1-Aljq5NPQwJdN4cFpGI7wBR0dGYg="
        },
        "etag": {
            "version": "1.8.1",
            "resolved": "https://registry.npmjs.org/etag/-/etag-1.8.1.tgz",
            "integrity": "sha1-Qa4u62XvpiJorr/qg6x9eSmbCIc="
        },
        "express-session": {
            "version": "1.15.6",
            "resolved": "https://registry.npmjs.org/express-session/-/express-session-1.15.6.tgz",
            "integrity": "sha512-r0nrHTCYtAMrFwZ0kBzZEXa1vtPVrw0dKvGSrKP4dahwBQ1BJpF2/y1Pp4sCD/0kvxV4zZeclyvfmw0B4RMJQA==",
            "requires": {
                "cookie": "0.3.1",
                "cookie-signature": "1.0.6",
                "crc": "3.4.4",
                "debug": "2.6.9",
                "depd": "1.1.2",
                "on-headers": "1.0.1",
                "parseurl": "1.3.2",
                "uid-safe": "2.1.5",
                "utils-merge": "1.0.1"
            },
            "dependencies": {
                "uid-safe": {
                    "version": "2.1.5",
                    "resolved": "https://registry.npmjs.org/uid-safe/-/uid-safe-2.1.5.tgz",
                    "integrity": "sha512-KPHm4VL5dDXKz01UuEd88Df+KzynaohSL9fBh096KWAxSKZQDI2uBrVqtvRM4rwrIrRRKsdLNML/lnaaVSRioA==",
                    "requires": {
                        "random-bytes": "1.0.0"
                    }
                }
            }
        },
        "finalhandler": {
            "version": "1.1.0",
            "resolved": "https://registry.npmjs.org/finalhandler/-/finalhandler-1.1.0.tgz",
            "integrity": "sha1-zgtoVbRYU+eRsvzGgARtiCU91/U=",
            "requires": {
                "debug": "2.6.9",
                "encodeurl": "1.0.2",
                "escape-html": "1.0.3",
                "on-finished": "2.3.0",
                "parseurl": "1.3.2",
                "statuses": "1.3.1",
                "unpipe": "1.0.0"
            },
            "dependencies": {
                "statuses": {
                    "version": "1.3.1",
                    "resolved": "https://registry.npmjs.org/statuses/-/statuses-1.3.1.tgz",
                    "integrity": "sha1-+vUbnrdKrvOzrPStX2Gr8ky3uT4="
                }
            }
        },
        "formidable": {
            "version": "1.0.17",
            "resolved": "https://registry.npmjs.org/formidable/-/formidable-1.0.17.tgz",
            "integrity": "sha1-71SRSQ+UM7cF+qdyScmQKa40hVk="
        },
        "fresh": {
            "version": "0.5.2",
            "resolved": "https://registry.npmjs.org/fresh/-/fresh-0.5.2.tgz",
            "integrity": "sha1-PYyt2Q2XZWn6g1qx+OSyOhBWBac="
        },
        "generic-pool": {
            "version": "2.1.1",
            "resolved": "https://registry.npmjs.org/generic-pool/-/generic-pool-2.1.1.tgz",
            "integrity": "sha1-rwTcLDJc/Ll1Aj+lK/zpYXp0Nf0=",
            "optional": true
        },
        "gnu-tools": {
            "version": "0.0.9",
            "resolved": "https://registry.npmjs.org/gnu-tools/-/gnu-tools-0.0.9.tgz",
            "integrity": "sha1-3/YjiiauvDlP/AYTWe3+qwvcmRE=",
            "optional": true
        },
        "has-binary2": {
            "version": "1.0.2",
            "resolved": "https://registry.npmjs.org/has-binary2/-/has-binary2-1.0.2.tgz",
            "integrity": "sha1-6D26SfC5vk0CbSc2U1DZ8D9Uvpg=",
            "requires": {
                "isarray": "2.0.1"
            }
        },
        "has-cors": {
            "version": "1.1.0",
            "resolved": "https://registry.npmjs.org/has-cors/-/has-cors-1.1.0.tgz",
            "integrity": "sha1-XkdHk/fqmEPRu5nCPu9J/xJv/zk="
        },
        "http-error": {
            "version": "0.0.6",
            "resolved": "https://registry.npmjs.org/http-error/-/http-error-0.0.6.tgz",
            "integrity": "sha1-v/MJsL2v4w2V+7c6wt0r3Tm7wHQ="
        },
        "http-errors": {
            "version": "1.6.2",
            "resolved": "https://registry.npmjs.org/http-errors/-/http-errors-1.6.2.tgz",
            "integrity": "sha1-CgAsyFcHGSp+eUbO7cERVfYOxzY=",
            "requires": {
                "depd": "1.1.1",
                "inherits": "2.0.3",
                "setprototypeof": "1.0.3",
                "statuses": "1.4.0"
            },
            "dependencies": {
                "depd": {
                    "version": "1.1.1",
                    "resolved": "https://registry.npmjs.org/depd/-/depd-1.1.1.tgz",
                    "integrity": "sha1-V4O04cRZ8G+lyif5kfPQbnoxA1k="
                }
            }
        },
        "iconv-lite": {
            "version": "0.4.19",
            "resolved": "https://registry.npmjs.org/iconv-lite/-/iconv-lite-0.4.19.tgz",
            "integrity": "sha512-oTZqweIP51xaGPI4uPa56/Pri/480R+mo7SeU+YETByQNhDG55ycFyNLIgta9vXhILrxXDmF7ZGhqZIcuN0gJQ=="
        },
        "indexof": {
            "version": "0.0.1",
            "resolved": "https://registry.npmjs.org/indexof/-/indexof-0.0.1.tgz",
            "integrity": "sha1-gtwzbSMrkGIXnQWrMpOmYFn9Q10="
        },
        "inherits": {
            "version": "2.0.3",
            "resolved": "https://registry.npmjs.org/inherits/-/inherits-2.0.3.tgz",
            "integrity": "sha1-Yzwsg+PaQqUC9SRmAiSA9CCCYd4="
        },
        "isarray": {
            "version": "2.0.1",
            "resolved": "https://registry.npmjs.org/isarray/-/isarray-2.0.1.tgz",
            "integrity": "sha1-o32U7ZzaLVmGXJ92/llu4fM4dB4="
        },
        "jsDAV": {
            "version": "0.3.4",
            "resolved": "https://registry.npmjs.org/jsDAV/-/jsDAV-0.3.4.tgz",
            "integrity": "sha1-jIjoK+HVLiGIvJ/yxE0RV5/mL4Y=",
            "requires": {
                "asyncjs": "0.0.10",
                "dbox": "0.6.4",
                "formidable": "1.0.17",
                "gnu-tools": "0.0.9",
                "jsftp": "0.5.4",
                "moment": "2.11.1",
                "mongodb": "2.1.4",
                "node-sftp": "0.1.1",
                "pg": "4.4.3",
                "redis": "2.4.2",
                "xmldom": "0.1.21",
                "xpath": "0.0.21"
            },
            "dependencies": {
                "asyncjs": {
                    "version": "0.0.10",
                    "resolved": "https://registry.npmjs.org/asyncjs/-/asyncjs-0.0.10.tgz",
                    "integrity": "sha1-UNu/77iy3y/6nJ6ei9WIh7w8FRg="
                }
            }
        },
        "jsftp": {
            "version": "0.5.4",
            "resolved": "https://registry.npmjs.org/jsftp/-/jsftp-0.5.4.tgz",
            "integrity": "sha1-eTChTfI01TfX8u3/ZGaP/wK0t/4=",
            "optional": true,
            "requires": {
                "streamer": "0.2.1"
            }
        },
        "lodash": {
            "version": "4.17.5",
            "resolved": "https://registry.npmjs.org/lodash/-/lodash-4.17.5.tgz",
            "integrity": "sha512-svL3uiZf1RwhH+cWrfZn3A4+U58wbP0tGVTLQPbjplZxZ8ROD9VLuNgsRniTlLe7OlSqR79RUehXgpBW/s0IQw=="
        },
        "media-typer": {
            "version": "0.3.0",
            "resolved": "https://registry.npmjs.org/media-typer/-/media-typer-0.3.0.tgz",
            "integrity": "sha1-hxDXrwqmJvj/+hzgAWhUUmMlV0g="
        },
        "methods": {
            "version": "0.1.0",
            "resolved": "https://registry.npmjs.org/methods/-/methods-0.1.0.tgz",
            "integrity": "sha1-M11Cnu/SG3us8unJIqjSvRSjDk8="
        },
        "mime": {
            "version": "1.4.1",
            "resolved": "https://registry.npmjs.org/mime/-/mime-1.4.1.tgz",
            "integrity": "sha512-KI1+qOZu5DcW6wayYHSzR/tXKCDC5Om4s1z2QJjDULzLcmf3DvzS7oluY4HCTrc+9FiKmWUgeNLg7W3uIQvxtQ=="
        },
        "mime-db": {
            "version": "1.33.0",
            "resolved": "https://registry.npmjs.org/mime-db/-/mime-db-1.33.0.tgz",
            "integrity": "sha512-BHJ/EKruNIqJf/QahvxwQZXKygOQ256myeN/Ew+THcAa5q+PjyTTMMeNQC4DZw5AwfvelsUrA6B67NKMqXDbzQ=="
        },
        "mime-types": {
            "version": "2.1.18",
            "resolved": "https://registry.npmjs.org/mime-types/-/mime-types-2.1.18.tgz",
            "integrity": "sha512-lc/aahn+t4/SWV/qcmumYjymLsWfN3ELhpmVuUFjgsORruuZPVSwAQryq+HHGvO/SI2KVX26bx+En+zhM8g8hQ==",
            "requires": {
                "mime-db": "1.33.0"
            }
        },
        "minimist": {
            "version": "0.0.8",
            "resolved": "https://registry.npmjs.org/minimist/-/minimist-0.0.8.tgz",
            "integrity": "sha1-hX/Kv8M5fSYluCKCYuhqp6ARsF0="
        },
        "mkdirp": {
            "version": "0.5.1",
            "resolved": "https://registry.npmjs.org/mkdirp/-/mkdirp-0.5.1.tgz",
            "integrity": "sha1-MAV0OOrGz3+MR2fzhkjWaX11yQM=",
            "requires": {
                "minimist": "0.0.8"
            }
        },
        "moment": {
            "version": "2.11.1",
            "resolved": "https://registry.npmjs.org/moment/-/moment-2.11.1.tgz",
            "integrity": "sha1-v0AmQTZA0bgCRnzzU2B/hGTWr0c="
        },
        "mongodb": {
            "version": "2.1.4",
            "resolved": "https://registry.npmjs.org/mongodb/-/mongodb-2.1.4.tgz",
            "integrity": "sha1-ZS2HIP9/W8VixHPMsMkNeJN5pKM=",
            "optional": true,
            "requires": {
                "es6-promise": "3.0.2",
                "mongodb-core": "1.2.32",
                "readable-stream": "1.0.31"
            }
        },
        "mongodb-core": {
            "version": "1.2.32",
            "resolved": "https://registry.npmjs.org/mongodb-core/-/mongodb-core-1.2.32.tgz",
            "integrity": "sha1-7W5UIv7K4QwOeXELEFEhuakuw9Q=",
            "optional": true,
            "requires": {
                "bson": "0.4.23"
            }
        },
        "ms": {
            "version": "2.0.0",
            "resolved": "https://registry.npmjs.org/ms/-/ms-2.0.0.tgz",
            "integrity": "sha1-VgiurfwAvmwpAd9fmGF4jeDVl8g="
        },
        "msgpack-js": {
            "version": "0.3.0",
            "resolved": "https://registry.npmjs.org/msgpack-js/-/msgpack-js-0.3.0.tgz",
            "integrity": "sha1-Aw7AjFlW+cp9F9QKVy1Tlv7BCSM=",
            "requires": {
                "bops": "0.0.7"
            }
        },
        "msgpack-js-browser": {
            "version": "0.1.4",
            "resolved": "https://registry.npmjs.org/msgpack-js-browser/-/msgpack-js-browser-0.1.4.tgz",
            "integrity": "sha1-Yi4xTlhermdmO4Kx0GmNCJIv12Y="
        },
        "nan": {
            "version": "2.8.0",
            "resolved": "https://registry.npmjs.org/nan/-/nan-2.8.0.tgz",
            "integrity": "sha1-7XFfP+neArV6XmJS2QqWZ14fCFo="
        },
        "negotiator": {
            "version": "0.6.1",
            "resolved": "https://registry.npmjs.org/negotiator/-/negotiator-0.6.1.tgz",
            "integrity": "sha1-KzJxhOiZIQEXeyhWP7XnECrNDKk="
        },
        "netutil": {
            "version": "0.0.2",
            "resolved": "https://registry.npmjs.org/netutil/-/netutil-0.0.2.tgz",
            "integrity": "sha1-qAOQtAMvtwIscP9cDzlRYHFmvu0="
        },
        "node-pty": {
            "version": "0.7.4",
            "resolved": "https://registry.npmjs.org/node-pty/-/node-pty-0.7.4.tgz",
            "integrity": "sha512-WxMY1BsGcHJ2Z2qWpYL7QbfOSnkkCzV0H/9+dJ7uQEIJyz0A4fVBLymswBCTc7RoweY5ingib2gNvf87KvJxuA==",
            "requires": {
                "nan": "2.8.0"
            }
        },
        "node-sftp": {
            "version": "0.1.1",
            "resolved": "https://registry.npmjs.org/node-sftp/-/node-sftp-0.1.1.tgz",
            "integrity": "sha1-68o6j9GxzwnkbAa1TLItLS+UbUU=",
            "optional": true
        },
        "on-finished": {
            "version": "2.3.0",
            "resolved": "https://registry.npmjs.org/on-finished/-/on-finished-2.3.0.tgz",
            "integrity": "sha1-IPEzZIGwg811M3mSoWlxqi2QaUc=",
            "requires": {
                "ee-first": "1.1.1"
            }
        },
        "on-headers": {
            "version": "1.0.1",
            "resolved": "https://registry.npmjs.org/on-headers/-/on-headers-1.0.1.tgz",
            "integrity": "sha1-ko9dD0cNSTQmUepnlLCFfBAGk/c="
        },
        "optimist": {
            "version": "0.6.1",
            "resolved": "https://registry.npmjs.org/optimist/-/optimist-0.6.1.tgz",
            "integrity": "sha1-2j6nRob6IaGaERwybpDrFaAZZoY=",
            "requires": {
                "minimist": "0.0.8",
                "wordwrap": "0.0.3"
            }
        },
        "packet-reader": {
            "version": "0.2.0",
            "resolved": "https://registry.npmjs.org/packet-reader/-/packet-reader-0.2.0.tgz",
            "integrity": "sha1-gZ300BC4LV6lZx+KGjrPA5vNdwA=",
            "optional": true
        },
        "parseqs": {
            "version": "0.0.5",
            "resolved": "https://registry.npmjs.org/parseqs/-/parseqs-0.0.5.tgz",
            "integrity": "sha1-1SCKNzjkZ2bikbouoXNoSSGouJ0=",
            "requires": {
                "better-assert": "1.0.2"
            }
        },
        "parseuri": {
            "version": "0.0.5",
            "resolved": "https://registry.npmjs.org/parseuri/-/parseuri-0.0.5.tgz",
            "integrity": "sha1-gCBKUNTbt3m/3G6+J3jZDkvOMgo=",
            "requires": {
                "better-assert": "1.0.2"
            }
        },
        "parseurl": {
            "version": "1.3.2",
            "resolved": "https://registry.npmjs.org/parseurl/-/parseurl-1.3.2.tgz",
            "integrity": "sha1-/CidTtiZMRlGDBViUyYs3I3mW/M="
        },
        "passport": {
            "version": "0.4.0",
            "resolved": "https://registry.npmjs.org/passport/-/passport-0.4.0.tgz",
            "integrity": "sha1-xQlWkTR71a07XhgCOMORTRbwWBE=",
            "requires": {
                "passport-strategy": "1.0.0",
                "pause": "0.0.1"
            }
        },
        "passport-http": {
            "version": "0.3.0",
            "resolved": "https://registry.npmjs.org/passport-http/-/passport-http-0.3.0.tgz",
            "integrity": "sha1-juU9Q4C+nGDfIVGSUCmCb3cRVgM=",
            "requires": {
                "passport-strategy": "1.0.0"
            }
        },
        "passport-strategy": {
            "version": "1.0.0",
            "resolved": "https://registry.npmjs.org/passport-strategy/-/passport-strategy-1.0.0.tgz",
            "integrity": "sha1-tVOaqPwiWj0a0XlHbd8ja0QPUuQ="
        },
        "pause": {
            "version": "0.0.1",
            "resolved": "https://registry.npmjs.org/pause/-/pause-0.0.1.tgz",
            "integrity": "sha1-HUCLP9t2kjuVQ9lvtMnf1TXZy10="
        },
        "pg": {
            "version": "4.4.3",
            "resolved": "https://registry.npmjs.org/pg/-/pg-4.4.3.tgz",
            "integrity": "sha1-vshVxOlhWyDuxqMtBvB0CJ1fsVI=",
            "optional": true,
            "requires": {
                "buffer-writer": "1.0.0",
                "generic-pool": "2.1.1",
                "packet-reader": "0.2.0",
                "pg-connection-string": "0.1.3",
                "pg-types": "1.13.0",
                "pgpass": "0.0.3",
                "semver": "4.3.6"
            }
        },
        "pg-connection-string": {
            "version": "0.1.3",
            "resolved": "https://registry.npmjs.org/pg-connection-string/-/pg-connection-string-0.1.3.tgz",
            "integrity": "sha1-2hhHsglA5C7hSSvq9l1J2RskXfc=",
            "optional": true
        },
        "pg-int8": {
            "version": "1.0.1",
            "resolved": "https://registry.npmjs.org/pg-int8/-/pg-int8-1.0.1.tgz",
            "integrity": "sha512-WCtabS6t3c8SkpDBUlb1kjOs7l66xsGdKpIPZsg4wR+B3+u9UAum2odSsF9tnvxg80h4ZxLWMy4pRjOsFIqQpw==",
            "optional": true
        },
        "pg-types": {
            "version": "1.13.0",
            "resolved": "https://registry.npmjs.org/pg-types/-/pg-types-1.13.0.tgz",
            "integrity": "sha512-lfKli0Gkl/+za/+b6lzENajczwZHc7D5kiUCZfgm914jipD2kIOIvEkAhZ8GrW3/TUoP9w8FHjwpPObBye5KQQ==",
            "optional": true,
            "requires": {
                "pg-int8": "1.0.1",
                "postgres-array": "1.0.2",
                "postgres-bytea": "1.0.0",
                "postgres-date": "1.0.3",
                "postgres-interval": "1.1.1"
            }
        },
        "pgpass": {
            "version": "0.0.3",
            "resolved": "https://registry.npmjs.org/pgpass/-/pgpass-0.0.3.tgz",
            "integrity": "sha1-EuZ+NDsxicLzEgbrycwL7//PkUA=",
            "optional": true,
            "requires": {
                "split": "0.3.3"
            }
        },
        "postgres-array": {
            "version": "1.0.2",
            "resolved": "https://registry.npmjs.org/postgres-array/-/postgres-array-1.0.2.tgz",
            "integrity": "sha1-jgsy6wO/d6XAp4UeBEHBaaJWojg=",
            "optional": true
        },
        "postgres-bytea": {
            "version": "1.0.0",
            "resolved": "https://registry.npmjs.org/postgres-bytea/-/postgres-bytea-1.0.0.tgz",
            "integrity": "sha1-AntTPAqokOJtFy1Hz5zOzFIazTU=",
            "optional": true
        },
        "postgres-date": {
            "version": "1.0.3",
            "resolved": "https://registry.npmjs.org/postgres-date/-/postgres-date-1.0.3.tgz",
            "integrity": "sha1-4tiXAu/bJY/52c7g/pG9BpdSV6g=",
            "optional": true
        },
        "postgres-interval": {
            "version": "1.1.1",
            "resolved": "https://registry.npmjs.org/postgres-interval/-/postgres-interval-1.1.1.tgz",
            "integrity": "sha512-OkuCi9t/3CZmeQreutGgx/OVNv9MKHGIT5jH8KldQ4NLYXkvmT9nDVxEuCENlNwhlGPE374oA/xMqn05G49pHA==",
            "optional": true,
            "requires": {
                "xtend": "4.0.1"
            }
        },
        "qs": {
            "version": "6.5.1",
            "resolved": "https://registry.npmjs.org/qs/-/qs-6.5.1.tgz",
            "integrity": "sha512-eRzhrN1WSINYCDCbrz796z37LOe3m5tmW7RQf6oBntukAG1nmovJvhnwHHRMAfeoItc1m2Hk02WER2aQ/iqs+A=="
        },
        "random-bytes": {
            "version": "1.0.0",
            "resolved": "https://registry.npmjs.org/random-bytes/-/random-bytes-1.0.0.tgz",
            "integrity": "sha1-T2ih3Arli9P7lYSMMDJNt11kNgs="
        },
        "range-parser": {
            "version": "1.2.0",
            "resolved": "https://registry.npmjs.org/range-parser/-/range-parser-1.2.0.tgz",
            "integrity": "sha1-9JvmtIeJTdxA3MlKMi9hEJLgDV4="
        },
        "raw-body": {
            "version": "2.3.2",
            "resolved": "https://registry.npmjs.org/raw-body/-/raw-body-2.3.2.tgz",
            "integrity": "sha1-vNYMd9Prk83gBQKVw/N5OJvIj4k=",
            "requires": {
                "bytes": "3.0.0",
                "http-errors": "1.6.2",
                "iconv-lite": "0.4.19",
                "unpipe": "1.0.0"
            }
        },
        "readable-stream": {
            "version": "1.0.31",
            "resolved": "https://registry.npmjs.org/readable-stream/-/readable-stream-1.0.31.tgz",
            "integrity": "sha1-jyUC4LyeOw2huUUgqrtOJgPsr64=",
            "optional": true,
            "requires": {
                "core-util-is": "1.0.2",
                "inherits": "2.0.3",
                "isarray": "0.0.1",
                "string_decoder": "0.10.31"
            },
            "dependencies": {
                "isarray": {
                    "version": "0.0.1",
                    "resolved": "https://registry.npmjs.org/isarray/-/isarray-0.0.1.tgz",
                    "integrity": "sha1-ihis/Kmo9Bd+Cav8YDiTmwXR7t8=",
                    "optional": true
                }
            }
        },
        "redis": {
            "version": "2.4.2",
            "resolved": "https://registry.npmjs.org/redis/-/redis-2.4.2.tgz",
            "integrity": "sha1-L5FgJVompsrSt5vwhH4GcoChRuo=",
            "optional": true,
            "requires": {
                "double-ended-queue": "2.1.0-0",
                "redis-commands": "1.3.1"
            }
        },
        "redis-commands": {
            "version": "1.3.1",
            "resolved": "https://registry.npmjs.org/redis-commands/-/redis-commands-1.3.1.tgz",
            "integrity": "sha1-gdgm9F+pyLIBH0zXoP5ZfSQdRCs=",
            "optional": true
        },
        "request": {
            "version": "2.9.153",
            "resolved": "https://registry.npmjs.org/request/-/request-2.9.153.tgz",
            "integrity": "sha1-qTxPegLXM7VogqFmweaKlojnV0I=",
            "optional": true
        },
        "rndm": {
            "version": "1.2.0",
            "resolved": "https://registry.npmjs.org/rndm/-/rndm-1.2.0.tgz",
            "integrity": "sha1-8z/pz7Urv9UgqhgyO8ZdsRCht2w="
        },
        "safe-buffer": {
            "version": "5.1.1",
            "resolved": "https://registry.npmjs.org/safe-buffer/-/safe-buffer-5.1.1.tgz",
            "integrity": "sha512-kKvNJn6Mm93gAczWVJg7wH+wGYWNrDHdWvpUmHyEsgCtIwwo3bqPtV4tR5tuPaUhTOo/kvhVwd8XwwOllGYkbg=="
        },
        "semver": {
            "version": "4.3.6",
            "resolved": "https://registry.npmjs.org/semver/-/semver-4.3.6.tgz",
            "integrity": "sha1-MAvG4OhjdPe6YQaLWx7NV/xlMto=",
            "optional": true
        },
        "send": {
            "version": "0.16.2",
            "resolved": "https://registry.npmjs.org/send/-/send-0.16.2.tgz",
            "integrity": "sha512-E64YFPUssFHEFBvpbbjr44NCLtI1AohxQ8ZSiJjQLskAdKuriYEP6VyGEsRDH8ScozGpkaX1BGvhanqCwkcEZw==",
            "requires": {
                "debug": "2.6.9",
                "depd": "1.1.2",
                "destroy": "1.0.4",
                "encodeurl": "1.0.2",
                "escape-html": "1.0.3",
                "etag": "1.8.1",
                "fresh": "0.5.2",
                "http-errors": "1.6.2",
                "mime": "1.4.1",
                "ms": "2.0.0",
                "on-finished": "2.3.0",
                "range-parser": "1.2.0",
                "statuses": "1.4.0"
            }
        },
        "serve-favicon": {
            "version": "2.4.5",
            "resolved": "https://registry.npmjs.org/serve-favicon/-/serve-favicon-2.4.5.tgz",
            "integrity": "sha512-s7F8h2NrslMkG50KxvlGdj+ApSwaLex0vexuJ9iFf3GLTIp1ph/l1qZvRe9T9TJEYZgmq72ZwJ2VYiAEtChknw==",
            "requires": {
                "etag": "1.8.1",
                "fresh": "0.5.2",
                "ms": "2.0.0",
                "parseurl": "1.3.2",
                "safe-buffer": "5.1.1"
            }
        },
        "serve-static": {
            "version": "1.13.2",
            "resolved": "https://registry.npmjs.org/serve-static/-/serve-static-1.13.2.tgz",
            "integrity": "sha512-p/tdJrO4U387R9oMjb1oj7qSMaMfmOyd4j9hOFoxZe2baQszgHcSWjuya/CiT5kgZZKRudHNOA0pYXOl8rQ5nw==",
            "requires": {
                "encodeurl": "1.0.2",
                "escape-html": "1.0.3",
                "parseurl": "1.3.2",
                "send": "0.16.2"
            }
        },
        "setprototypeof": {
            "version": "1.0.3",
            "resolved": "https://registry.npmjs.org/setprototypeof/-/setprototypeof-1.0.3.tgz",
            "integrity": "sha1-ZlZ+NwQ+608E2RvWWMDL77VbjgQ="
        },
        "simple-mime": {
            "version": "0.1.0",
            "resolved": "https://registry.npmjs.org/simple-mime/-/simple-mime-0.1.0.tgz",
            "integrity": "sha1-lfUXxPRm18/1YacfydqyWW6p7y4="
        },
        "simple-template": {
            "version": "0.0.1",
            "resolved": "https://registry.npmjs.org/simple-template/-/simple-template-0.0.1.tgz",
            "integrity": "sha1-lLtjkjtlLTIahfhmipLDb6eW9kA="
        },
        "smith": {
            "version": "https://github.com/exsilium/smith/tarball/4d0f096553a47160330f5dd9bac8bf77cc27e8ab",
            "integrity": "sha512-H55caksgDN6bcwfKzXdEXzwohKqCNMG4NdHs32Ho1abfdzByrgjzcqCTk2/ShU9c3QlDQE0ZnpabCY+wpTNR9A==",
            "requires": {
                "msgpack-js": "0.3.0"
            }
        },
        "source-map": {
            "version": "0.6.1",
            "resolved": "https://registry.npmjs.org/source-map/-/source-map-0.6.1.tgz",
            "integrity": "sha512-UjgapumWlbMhkBgzT7Ykc5YXUT46F0iKu8SGXq0bcwP5dz/h0Plj6enJqjz1Zbq2l5WaqYnrVbwWOWMyF3F47g==",
            "optional": true
        },
        "split": {
            "version": "0.3.3",
            "resolved": "https://registry.npmjs.org/split/-/split-0.3.3.tgz",
            "integrity": "sha1-zQ7qXmOiEd//frDwkcQTPi0N0o8=",
            "optional": true,
            "requires": {
                "through": "2.3.8"
            }
        },
        "statuses": {
            "version": "1.4.0",
            "resolved": "https://registry.npmjs.org/statuses/-/statuses-1.4.0.tgz",
            "integrity": "sha512-zhSCtt8v2NDrRlPQpCNtw/heZLtfUDqxBM1udqikb/Hbk52LK4nQSwr10u77iopCW5LsyHpuXS0GnEc48mLeew=="
        },
        "streamer": {
            "version": "0.2.1",
            "resolved": "https://registry.npmjs.org/streamer/-/streamer-0.2.1.tgz",
            "integrity": "sha1-Xt9C6Vhc07ybEeVXSXmQj7fFkts=",
            "optional": true
        },
        "string_decoder": {
            "version": "0.10.31",
            "resolved": "https://registry.npmjs.org/string_decoder/-/string_decoder-0.10.31.tgz",
            "integrity": "sha1-YuIDvEF2bGwoyfyEMB2rHFMQ+pQ=",
            "optional": true
        },
        "through": {
            "version": "2.3.8",
            "resolved": "https://registry.npmjs.org/through/-/through-2.3.8.tgz",
            "integrity": "sha1-DdTJ/6q8NXlgsbckEV1+Doai4fU="
        },
        "to-utf8": {
            "version": "0.0.1",
            "resolved": "https://registry.npmjs.org/to-utf8/-/to-utf8-0.0.1.tgz",
            "integrity": "sha1-0Xrqcv8vujm55DYBvns/9y4ImFI="
        },
        "treehugger": {
            "version": "https://github.com/exsilium/treehugger/tarball/65876760a809d93f627d5f9834c8bfc56f142a7e",
            "integrity": "sha512-HvWBDyqqGFsyX+5fXONqCeG/7qXba0cal4/ieu//PXMvapPNdyw1f7z31EJo17C+8AQrx8MN9CSpBzkU+/v+fw=="
        },
        "tsscmp": {
            "version": "1.0.5",
            "resolved": "https://registry.npmjs.org/tsscmp/-/tsscmp-1.0.5.tgz",
            "integrity": "sha1-fcSjOvcVgatDN9qR2FylQn69mpc="
        },
        "type-is": {
            "version": "1.6.16",
            "resolved": "https://registry.npmjs.org/type-is/-/type-is-1.6.16.tgz",
            "integrity": "sha512-HRkVv/5qY2G6I8iab9cI7v1bOIdhm94dVjQCPFElW9W+3GeDOSHmy2EBYe4VTApuzolPcmgFTN3ftVJRKR2J9Q==",
            "requires": {
                "media-typer": "0.3.0",
                "mime-types": "2.1.18"
            }
        },
        "uglify-js": {
            "version": "3.2.1",
            "resolved": "https://registry.npmjs.org/uglify-js/-/uglify-js-3.2.1.tgz",
            "integrity": "sha512-BhZTJPmOKPSUcjnx2nlfaOQKHLyjjT4HFyzFWF1BUErx9knJNpdW94ql5o8qVxeNL+8IAWjEjnPvASH2yZnkMg==",
            "optional": true,
            "requires": {
                "commander": "2.12.2",
                "source-map": "0.6.1"
            }
        },
        "uid-safe": {
            "version": "2.1.4",
            "resolved": "https://registry.npmjs.org/uid-safe/-/uid-safe-2.1.4.tgz",
            "integrity": "sha1-Otbzg2jG1MjHXsF2I/t5qh0HHYE=",
            "requires": {
                "random-bytes": "1.0.0"
            }
        },
        "ultron": {
            "version": "1.1.1",
            "resolved": "https://registry.npmjs.org/ultron/-/ultron-1.1.1.tgz",
            "integrity": "sha512-UIEXBNeYmKptWH6z8ZnqTeS8fV74zG0/eRU9VGkpzz+LIJNs8W/zM/L+7ctCkRrgbNnnR0xxw4bKOr0cW0N0Og=="
        },
        "unpipe": {
            "version": "1.0.0",
            "resolved": "https://registry.npmjs.org/unpipe/-/unpipe-1.0.0.tgz",
            "integrity": "sha1-sr9O6FFKrmFltIF4KdIbLvSZBOw="
        },
        "urlrouter": {
            "version": "0.5.4",
            "resolved": "https://registry.npmjs.org/urlrouter/-/urlrouter-0.5.4.tgz",
            "integrity": "sha1-urafCVWZIbK1cUwrg3FAVQ/pmFk=",
            "requires": {
                "methods": "0.1.0"
            }
        },
        "utils-merge": {
            "version": "1.0.1",
            "resolved": "https://registry.npmjs.org/utils-merge/-/utils-merge-1.0.1.tgz",
            "integrity": "sha1-n5VxD1CiZ5R7LMwSR0HBAoQn5xM="
        },
        "uws": {
            "version": "9.14.0",
            "resolved": "https://registry.npmjs.org/uws/-/uws-9.14.0.tgz",
            "integrity": "sha512-HNMztPP5A1sKuVFmdZ6BPVpBQd5bUjNC8EFMFiICK+oho/OQsAJy5hnIx4btMHiOk8j04f/DbIlqnEZ9d72dqg==",
            "optional": true
        },
        "v8debug": {
            "version": "https://github.com/exsilium/lib-v8debug/tarball/863c0ce1e39a4f100457d306e1d2cc2b0283fa2a",
            "integrity": "sha512-BkFkMLKczqopfIiaDW4JIOgLf4y9XkWOU24iuiBphmmPn3ZxnKnZTzsDrjnawVfFsbgtwt+nyDVcwH9+pnbDyw==",
            "requires": {
                "amd-loader": "0.0.8"
            }
        },
        "vfs": {
            "version": "git://github.com/c9/vfs.git#078762a9e5fe6f4652a3c0a81ff65bb3bea1dd08",
            "optional": true
        },
        "vfs-architect": {
            "version": "https://github.com/exsilium/vfs-architect/tarball/6a729efb9ba8241aab0c354f098caf1b0f7c18db",
            "integrity": "sha512-+33t6tTy/r/gdqdY0hvfalcJUPOuG96aGwi7QNEFo6E6cvSCLneHLp+aU2f7wjir4iOMyD2xBZIIRnKakXzkEg==",
            "requires": {
                "architect": "0.1.13",
                "vfs": "git://github.com/c9/vfs.git#078762a9e5fe6f4652a3c0a81ff65bb3bea1dd08",
                "vfs-local": "https://github.com/exsilium/vfs-local/tarball/890b96c73747a677d3a46ce7f97ae3c78d9f0f5c"
            }
        },
        "vfs-local": {
            "version": "https://github.com/exsilium/vfs-local/tarball/890b96c73747a677d3a46ce7f97ae3c78d9f0f5c",
            "integrity": "sha512-cLcrbw+4U9aFbMRvD/kGnrIUnCeru2KKOqASJkXvzh1I56ZXfIMdDhkdTplp/a5fRNa4nMXeFSngsQzLKB8l0g==",
            "requires": {
                "node-pty": "0.7.4",
                "simple-mime": "0.1.0"
            }
        },
        "vfs-nodefs-adapter": {
            "version": "https://github.com/exsilium/vfs-nodefs-adapter/tarball/7ce86b0242aa0941aad68cc8ecca3d82308dd276",
            "integrity": "sha512-HauqNeg/qoApWGzJBwthm3TzlttPPOrXf0YREvhm2ajaRJyGuoOPr1S3mqrQ3v8/MrScQ7Rqw+FAI+GXFxDGBQ=="
        },
        "wordwrap": {
            "version": "0.0.3",
            "resolved": "https://registry.npmjs.org/wordwrap/-/wordwrap-0.0.3.tgz",
            "integrity": "sha1-o9XabNXAvAAI03I0u68b7WMFkQc="
        },
        "ws": {
            "version": "3.3.3",
            "resolved": "https://registry.npmjs.org/ws/-/ws-3.3.3.tgz",
            "integrity": "sha512-nnWLa/NwZSt4KQJu51MYlCcSQ5g7INpOrOMt4XV8j4dqTXdmlUmSHQ8/oLC069ckre0fRsgfvsKwbTdtKLCDkA==",
            "requires": {
                "async-limiter": "1.0.0",
                "safe-buffer": "5.1.1",
                "ultron": "1.1.1"
            }
        },
        "xmldom": {
            "version": "0.1.21",
            "resolved": "https://registry.npmjs.org/xmldom/-/xmldom-0.1.21.tgz",
            "integrity": "sha1-op4SENqx8QwlZltegBKbqo1pqXs="
        },
        "xmlhttprequest-ssl": {
            "version": "1.5.5",
            "resolved": "https://registry.npmjs.org/xmlhttprequest-ssl/-/xmlhttprequest-ssl-1.5.5.tgz",
            "integrity": "sha1-wodrBhaKrcQOV9l+gRkayPQ5iz4="
        },
        "xpath": {
            "version": "0.0.21",
            "resolved": "https://registry.npmjs.org/xpath/-/xpath-0.0.21.tgz",
            "integrity": "sha1-RwKRWXy70zx8GY4PqypkPDHUqOk="
        },
        "xtend": {
            "version": "4.0.1",
            "resolved": "https://registry.npmjs.org/xtend/-/xtend-4.0.1.tgz",
            "integrity": "sha1-pcbVMr5lbiPbgg77lDofBJmNY68=",
            "optional": true
        },
        "xterm": {
            "version": "3.1.0",
            "resolved": "https://registry.npmjs.org/xterm/-/xterm-3.1.0.tgz",
            "integrity": "sha512-xv4QQQAu8PjAPZE7m0h+i9X9z3vR82wPe0H3g4D9CbyDuQDNt1e+lxeTrkLwuMH3jcxqfHayu3Mu+iyQh62ECg=="
        },
        "yeast": {
            "version": "0.1.2",
            "resolved": "https://registry.npmjs.org/yeast/-/yeast-0.1.2.tgz",
            "integrity": "sha1-AI4G2AlDIMNy28L47XagymyKxBk="
        }
    }
}
